{
  "name": "ku",
  "version": "1.0.0",
  "lockfileVersion": 1,
  "requires": true,
  "dependencies": {
    "angular": {
      "version": "1.7.9",
      "resolved": "https://registry.npmjs.org/angular/-/angular-1.7.9.tgz",
      "integrity": "sha512-5se7ZpcOtu0MBFlzGv5dsM1quQDoDeUTwZrWjGtTNA7O88cD8TEk5IEKCTDa3uECV9XnvKREVUr7du1ACiWGFQ=="
    },
    "json": {
      "version": "10.0.0",
      "resolved": "https://registry.npmjs.org/json/-/json-10.0.0.tgz",
      "integrity": "sha512-iK7tAZtpoghibjdB1ncCWykeBMmke3JThUe+rnkD4qkZaglOIQ70Pw7r5UJ4lyUT+7gnw7ehmmLUHDuhqzQD+g=="
    }
  }
}
